
Microsoft Visual Studio Solution File, Format Version 12.00
# Visual Studio Version 17
VisualStudioVersion = 17.7.34031.279
MinimumVisualStudioVersion = 10.0.40219.1
Project("{FAE04EC0-301F-11D3-BF4B-00C04F79EFBC}") = "Server", "Server\Server.csproj", "{369CC13B-9D2B-4F3A-98A5-A275CF9B2B22}"
EndProject
Project("{FAE04EC0-301F-11D3-BF4B-00C04F79EFBC}") = "Client", "Client\Client.csproj", "{9BD4C44D-A7FB-47FA-A83F-5B99D8E186FA}"
EndProject
Global
	GlobalSection(SolutionConfigurationPlatforms) = preSolution
		Debug|Any CPU = Debug|Any CPU
		Release|Any CPU = Release|Any CPU
	EndGlobalSection
	GlobalSection(ProjectConfigurationPlatforms) = postSolution
		{369CC13B-9D2B-4F3A-98A5-A275CF9B2B22}.Debug|Any CPU.ActiveCfg = Debug|Any CPU
		{369CC13B-9D2B-4F3A-98A5-A275CF9B2B22}.Debug|Any CPU.Build.0 = Debug|Any CPU
		{369CC13B-9D2B-4F3A-98A5-A275CF9B2B22}.Release|Any CPU.ActiveCfg = Release|Any CPU
		{369CC13B-9D2B-4F3A-98A5-A275CF9B2B22}.Release|Any CPU.Build.0 = Release|Any CPU
		{9BD4C44D-A7FB-47FA-A83F-5B99D8E186FA}.Debug|Any CPU.ActiveCfg = Debug|Any CPU
		{9BD4C44D-A7FB-47FA-A83F-5B99D8E186FA}.Debug|Any CPU.Build.0 = Debug|Any CPU
		{9BD4C44D-A7FB-47FA-A83F-5B99D8E186FA}.Release|Any CPU.ActiveCfg = Release|Any CPU
		{9BD4C44D-A7FB-47FA-A83F-5B99D8E186FA}.Release|Any CPU.Build.0 = Release|Any CPU
	EndGlobalSection
	GlobalSection(SolutionProperties) = preSolution
		HideSolutionNode = FALSE
	EndGlobalSection
	GlobalSection(ExtensibilityGlobals) = postSolution
		SolutionGuid = {C1652BF6-6A6F-4D9C-8746-55640FAD3EDF}
	EndGlobalSection
EndGlobal
